
Microsoft Visual Studio Solution File, Format Version 11.00
# Visual Studio 2010
Project("{E24C65DC-7377-472B-9ABA-BC803B73C61A}") = "PM", ".", "{32DD3384-2C30-45BC-BE87-3C4CEE15E7E1}"
	ProjectSection(WebsiteProperties) = preProject
		TargetFrameworkMoniker = ".NETFramework,Version%3Dv4.0"
		Debug.AspNetCompiler.VirtualPath = "/PM"
		Debug.AspNetCompiler.PhysicalPath = "..\..\..\..\Desktop\PM\"
		Debug.AspNetCompiler.TargetPath = "PrecompiledWeb\PM\"
		Debug.AspNetCompiler.Updateable = "true"
		Debug.AspNetCompiler.ForceOverwrite = "true"
		Debug.AspNetCompiler.FixedNames = "false"
		Debug.AspNetCompiler.Debug = "True"
		Release.AspNetCompiler.VirtualPath = "/PM"
		Release.AspNetCompiler.PhysicalPath = "..\..\..\..\Desktop\PM\"
		Release.AspNetCompiler.TargetPath = "PrecompiledWeb\PM\"
		Release.AspNetCompiler.Updateable = "true"
		Release.AspNetCompiler.ForceOverwrite = "true"
		Release.AspNetCompiler.FixedNames = "false"
		Release.AspNetCompiler.Debug = "False"
		VWDPort = "2419"
	EndProjectSection
EndProject
Global
	GlobalSection(SolutionConfigurationPlatforms) = preSolution
		Debug|Any CPU = Debug|Any CPU
	EndGlobalSection
	GlobalSection(ProjectConfigurationPlatforms) = postSolution
		{32DD3384-2C30-45BC-BE87-3C4CEE15E7E1}.Debug|Any CPU.ActiveCfg = Debug|Any CPU
		{32DD3384-2C30-45BC-BE87-3C4CEE15E7E1}.Debug|Any CPU.Build.0 = Debug|Any CPU
	EndGlobalSection
	GlobalSection(SolutionProperties) = preSolution
		HideSolutionNode = FALSE
	EndGlobalSection
EndGlobal
